
Microsoft Visual Studio Solution File, Format Version 12.00
# Visual Studio Version 17
VisualStudioVersion = 17.11.35327.3
MinimumVisualStudioVersion = 10.0.40219.1
Project("{FAE04EC0-301F-11D3-BF4B-00C04F79EFBC}") = "CapaPresentacion", "CapaPresentacion\CapaPresentacion.csproj", "{26EDB593-8CBD-451C-BB56-8D8B97AF3A52}"
EndProject
Project("{FAE04EC0-301F-11D3-BF4B-00C04F79EFBC}") = "Capa_Datos", "Capa_Datos\Capa_Datos.csproj", "{F27DC110-F793-4C62-8C10-988F3262D81A}"
EndProject
Project("{FAE04EC0-301F-11D3-BF4B-00C04F79EFBC}") = "CapaNegocio", "CapaNegocio\CapaNegocio.csproj", "{CAC172DB-CF63-42CF-8E47-9A1EF426A250}"
EndProject
Project("{FAE04EC0-301F-11D3-BF4B-00C04F79EFBC}") = "CapaEntidad", "CapaEntidad\CapaEntidad.csproj", "{6390019D-E374-48D7-BF64-AD8CEAAA93E3}"
EndProject
Global
	GlobalSection(SolutionConfigurationPlatforms) = preSolution
		Debug|Any CPU = Debug|Any CPU
		Release|Any CPU = Release|Any CPU
	EndGlobalSection
	GlobalSection(ProjectConfigurationPlatforms) = postSolution
		{26EDB593-8CBD-451C-BB56-8D8B97AF3A52}.Debug|Any CPU.ActiveCfg = Debug|Any CPU
		{26EDB593-8CBD-451C-BB56-8D8B97AF3A52}.Debug|Any CPU.Build.0 = Debug|Any CPU
		{26EDB593-8CBD-451C-BB56-8D8B97AF3A52}.Release|Any CPU.ActiveCfg = Release|Any CPU
		{26EDB593-8CBD-451C-BB56-8D8B97AF3A52}.Release|Any CPU.Build.0 = Release|Any CPU
		{F27DC110-F793-4C62-8C10-988F3262D81A}.Debug|Any CPU.ActiveCfg = Debug|Any CPU
		{F27DC110-F793-4C62-8C10-988F3262D81A}.Debug|Any CPU.Build.0 = Debug|Any CPU
		{F27DC110-F793-4C62-8C10-988F3262D81A}.Release|Any CPU.ActiveCfg = Release|Any CPU
		{F27DC110-F793-4C62-8C10-988F3262D81A}.Release|Any CPU.Build.0 = Release|Any CPU
		{CAC172DB-CF63-42CF-8E47-9A1EF426A250}.Debug|Any CPU.ActiveCfg = Debug|Any CPU
		{CAC172DB-CF63-42CF-8E47-9A1EF426A250}.Debug|Any CPU.Build.0 = Debug|Any CPU
		{CAC172DB-CF63-42CF-8E47-9A1EF426A250}.Release|Any CPU.ActiveCfg = Release|Any CPU
		{CAC172DB-CF63-42CF-8E47-9A1EF426A250}.Release|Any CPU.Build.0 = Release|Any CPU
		{6390019D-E374-48D7-BF64-AD8CEAAA93E3}.Debug|Any CPU.ActiveCfg = Debug|Any CPU
		{6390019D-E374-48D7-BF64-AD8CEAAA93E3}.Debug|Any CPU.Build.0 = Debug|Any CPU
		{6390019D-E374-48D7-BF64-AD8CEAAA93E3}.Release|Any CPU.ActiveCfg = Release|Any CPU
		{6390019D-E374-48D7-BF64-AD8CEAAA93E3}.Release|Any CPU.Build.0 = Release|Any CPU
	EndGlobalSection
	GlobalSection(SolutionProperties) = preSolution
		HideSolutionNode = FALSE
	EndGlobalSection
	GlobalSection(ExtensibilityGlobals) = postSolution
		SolutionGuid = {0E04340A-F5D4-4A52-9FC5-02856026B027}
	EndGlobalSection
EndGlobal
